
Microsoft Visual Studio Solution File, Format Version 12.00
Project("{FAE04EC0-301F-11D3-BF4B-00C04F79EFBC}") = "WebApp", "WebApp\WebApp.csproj", "{BC23D657-FE9E-4D5E-8ED8-E5995DD021D8}"
EndProject
Project("{2150E333-8FDC-42A3-9474-1A3956D46DE8}") = "Solution items", "Solution items", "{DC45F233-B5E1-4402-AC28-EB2D741AC28A}"
	ProjectSection(SolutionItems) = preProject
		Directory.Build.props = Directory.Build.props
		README.md = README.md
		docker-compose.yml = docker-compose.yml
		.dockerignore = .dockerignore
	EndProjectSection
EndProject
Project("{FAE04EC0-301F-11D3-BF4B-00C04F79EFBC}") = "App.Domain", "App.Domain\App.Domain.csproj", "{81A9E9BD-F18F-4B2C-91B1-86F47A3D73FB}"
EndProject
Project("{FAE04EC0-301F-11D3-BF4B-00C04F79EFBC}") = "App.DAL.EF", "App.DAL.EF\App.DAL.EF.csproj", "{4E96F9D3-5890-4E79-8841-32E0821C50ED}"
EndProject
Project("{FAE04EC0-301F-11D3-BF4B-00C04F79EFBC}") = "App.Resources", "App.Resources\App.Resources.csproj", "{E8AC3272-5507-427B-9EBA-36512230C671}"
EndProject
Project("{2150E333-8FDC-42A3-9474-1A3956D46DE8}") = "App", "App", "{42CC655F-4DBC-4325-BAC0-57359C40B18E}"
EndProject
Project("{2150E333-8FDC-42A3-9474-1A3956D46DE8}") = "Base", "Base", "{ED059B56-1058-41AD-BD05-10C3E4F862FB}"
EndProject
Project("{2150E333-8FDC-42A3-9474-1A3956D46DE8}") = "Base.Contracts", "Base.Contracts", "{940007BA-5C17-4E3C-A9F6-847D65DA8AB4}"
EndProject
Project("{FAE04EC0-301F-11D3-BF4B-00C04F79EFBC}") = "Base.Domain", "Base.Domain\Base.Domain.csproj", "{8CE36844-F537-472E-8CA5-AE650BFC6DF7}"
EndProject
Project("{FAE04EC0-301F-11D3-BF4B-00C04F79EFBC}") = "Base.Contracts.Domain", "Base.Contracts.Domain\Base.Contracts.Domain.csproj", "{3546531B-7314-4A8E-BBF1-43DA13C3B47D}"
EndProject
Project("{FAE04EC0-301F-11D3-BF4B-00C04F79EFBC}") = "Base.Contracts.DAL", "Base.Contracts.DAL\Base.Contracts.DAL.csproj", "{92244198-71BB-49F8-ADF5-BF556C03DA36}"
EndProject
Project("{FAE04EC0-301F-11D3-BF4B-00C04F79EFBC}") = "Base.DAL.EF", "Base.DAL.EF\Base.DAL.EF.csproj", "{B2705788-40ED-44A1-B595-D04DFFFC6CB7}"
EndProject
Project("{FAE04EC0-301F-11D3-BF4B-00C04F79EFBC}") = "App.Contracts.DAL", "App.Contracts.DAL\App.Contracts.DAL.csproj", "{3FFDFB97-6754-4FBB-A67D-6582AC984824}"
EndProject
Project("{FAE04EC0-301F-11D3-BF4B-00C04F79EFBC}") = "Base.Extensions", "Base.Extensions\Base.Extensions.csproj", "{F7935F02-9068-4BA8-87C4-23F7D71E30C5}"
EndProject
Global
	GlobalSection(SolutionConfigurationPlatforms) = preSolution
		Debug|Any CPU = Debug|Any CPU
		Release|Any CPU = Release|Any CPU
	EndGlobalSection
	GlobalSection(ProjectConfigurationPlatforms) = postSolution
		{BC23D657-FE9E-4D5E-8ED8-E5995DD021D8}.Debug|Any CPU.ActiveCfg = Debug|Any CPU
		{BC23D657-FE9E-4D5E-8ED8-E5995DD021D8}.Debug|Any CPU.Build.0 = Debug|Any CPU
		{BC23D657-FE9E-4D5E-8ED8-E5995DD021D8}.Release|Any CPU.ActiveCfg = Release|Any CPU
		{BC23D657-FE9E-4D5E-8ED8-E5995DD021D8}.Release|Any CPU.Build.0 = Release|Any CPU
		{81A9E9BD-F18F-4B2C-91B1-86F47A3D73FB}.Debug|Any CPU.ActiveCfg = Debug|Any CPU
		{81A9E9BD-F18F-4B2C-91B1-86F47A3D73FB}.Debug|Any CPU.Build.0 = Debug|Any CPU
		{81A9E9BD-F18F-4B2C-91B1-86F47A3D73FB}.Release|Any CPU.ActiveCfg = Release|Any CPU
		{81A9E9BD-F18F-4B2C-91B1-86F47A3D73FB}.Release|Any CPU.Build.0 = Release|Any CPU
		{4E96F9D3-5890-4E79-8841-32E0821C50ED}.Debug|Any CPU.ActiveCfg = Debug|Any CPU
		{4E96F9D3-5890-4E79-8841-32E0821C50ED}.Debug|Any CPU.Build.0 = Debug|Any CPU
		{4E96F9D3-5890-4E79-8841-32E0821C50ED}.Release|Any CPU.ActiveCfg = Release|Any CPU
		{4E96F9D3-5890-4E79-8841-32E0821C50ED}.Release|Any CPU.Build.0 = Release|Any CPU
		{E8AC3272-5507-427B-9EBA-36512230C671}.Debug|Any CPU.ActiveCfg = Debug|Any CPU
		{E8AC3272-5507-427B-9EBA-36512230C671}.Debug|Any CPU.Build.0 = Debug|Any CPU
		{E8AC3272-5507-427B-9EBA-36512230C671}.Release|Any CPU.ActiveCfg = Release|Any CPU
		{E8AC3272-5507-427B-9EBA-36512230C671}.Release|Any CPU.Build.0 = Release|Any CPU
		{8CE36844-F537-472E-8CA5-AE650BFC6DF7}.Debug|Any CPU.ActiveCfg = Debug|Any CPU
		{8CE36844-F537-472E-8CA5-AE650BFC6DF7}.Debug|Any CPU.Build.0 = Debug|Any CPU
		{8CE36844-F537-472E-8CA5-AE650BFC6DF7}.Release|Any CPU.ActiveCfg = Release|Any CPU
		{8CE36844-F537-472E-8CA5-AE650BFC6DF7}.Release|Any CPU.Build.0 = Release|Any CPU
		{3546531B-7314-4A8E-BBF1-43DA13C3B47D}.Debug|Any CPU.ActiveCfg = Debug|Any CPU
		{3546531B-7314-4A8E-BBF1-43DA13C3B47D}.Debug|Any CPU.Build.0 = Debug|Any CPU
		{3546531B-7314-4A8E-BBF1-43DA13C3B47D}.Release|Any CPU.ActiveCfg = Release|Any CPU
		{3546531B-7314-4A8E-BBF1-43DA13C3B47D}.Release|Any CPU.Build.0 = Release|Any CPU
		{92244198-71BB-49F8-ADF5-BF556C03DA36}.Debug|Any CPU.ActiveCfg = Debug|Any CPU
		{92244198-71BB-49F8-ADF5-BF556C03DA36}.Debug|Any CPU.Build.0 = Debug|Any CPU
		{92244198-71BB-49F8-ADF5-BF556C03DA36}.Release|Any CPU.ActiveCfg = Release|Any CPU
		{92244198-71BB-49F8-ADF5-BF556C03DA36}.Release|Any CPU.Build.0 = Release|Any CPU
		{B2705788-40ED-44A1-B595-D04DFFFC6CB7}.Debug|Any CPU.ActiveCfg = Debug|Any CPU
		{B2705788-40ED-44A1-B595-D04DFFFC6CB7}.Debug|Any CPU.Build.0 = Debug|Any CPU
		{B2705788-40ED-44A1-B595-D04DFFFC6CB7}.Release|Any CPU.ActiveCfg = Release|Any CPU
		{B2705788-40ED-44A1-B595-D04DFFFC6CB7}.Release|Any CPU.Build.0 = Release|Any CPU
		{3FFDFB97-6754-4FBB-A67D-6582AC984824}.Debug|Any CPU.ActiveCfg = Debug|Any CPU
		{3FFDFB97-6754-4FBB-A67D-6582AC984824}.Debug|Any CPU.Build.0 = Debug|Any CPU
		{3FFDFB97-6754-4FBB-A67D-6582AC984824}.Release|Any CPU.ActiveCfg = Release|Any CPU
		{3FFDFB97-6754-4FBB-A67D-6582AC984824}.Release|Any CPU.Build.0 = Release|Any CPU
		{F7935F02-9068-4BA8-87C4-23F7D71E30C5}.Debug|Any CPU.ActiveCfg = Debug|Any CPU
		{F7935F02-9068-4BA8-87C4-23F7D71E30C5}.Debug|Any CPU.Build.0 = Debug|Any CPU
		{F7935F02-9068-4BA8-87C4-23F7D71E30C5}.Release|Any CPU.ActiveCfg = Release|Any CPU
		{F7935F02-9068-4BA8-87C4-23F7D71E30C5}.Release|Any CPU.Build.0 = Release|Any CPU
	EndGlobalSection
	GlobalSection(NestedProjects) = preSolution
		{E8AC3272-5507-427B-9EBA-36512230C671} = {42CC655F-4DBC-4325-BAC0-57359C40B18E}
		{BC23D657-FE9E-4D5E-8ED8-E5995DD021D8} = {42CC655F-4DBC-4325-BAC0-57359C40B18E}
		{81A9E9BD-F18F-4B2C-91B1-86F47A3D73FB} = {42CC655F-4DBC-4325-BAC0-57359C40B18E}
		{4E96F9D3-5890-4E79-8841-32E0821C50ED} = {42CC655F-4DBC-4325-BAC0-57359C40B18E}
		{8CE36844-F537-472E-8CA5-AE650BFC6DF7} = {ED059B56-1058-41AD-BD05-10C3E4F862FB}
		{3546531B-7314-4A8E-BBF1-43DA13C3B47D} = {940007BA-5C17-4E3C-A9F6-847D65DA8AB4}
		{92244198-71BB-49F8-ADF5-BF556C03DA36} = {940007BA-5C17-4E3C-A9F6-847D65DA8AB4}
		{B2705788-40ED-44A1-B595-D04DFFFC6CB7} = {ED059B56-1058-41AD-BD05-10C3E4F862FB}
		{3FFDFB97-6754-4FBB-A67D-6582AC984824} = {42CC655F-4DBC-4325-BAC0-57359C40B18E}
		{F7935F02-9068-4BA8-87C4-23F7D71E30C5} = {ED059B56-1058-41AD-BD05-10C3E4F862FB}
	EndGlobalSection
EndGlobal
