
Microsoft Visual Studio Solution File, Format Version 12.00
Project("{FAE04EC0-301F-11D3-BF4B-00C04F79EFBC}") = "WebApp", "WebApp\WebApp.csproj", "{BC23D657-FE9E-4D5E-8ED8-E5995DD021D8}"
EndProject
Project("{2150E333-8FDC-42A3-9474-1A3956D46DE8}") = "Solution items", "Solution items", "{DC45F233-B5E1-4402-AC28-EB2D741AC28A}"
	ProjectSection(SolutionItems) = preProject
		Directory.Build.props = Directory.Build.props
		README.md = README.md
		docker-compose.yml = docker-compose.yml
		.dockerignore = .dockerignore
	EndProjectSection
EndProject
Project("{FAE04EC0-301F-11D3-BF4B-00C04F79EFBC}") = "App.Domain", "App.Domain\App.Domain.csproj", "{81A9E9BD-F18F-4B2C-91B1-86F47A3D73FB}"
EndProject
Project("{FAE04EC0-301F-11D3-BF4B-00C04F79EFBC}") = "App.DAL.EF", "App.DAL.EF\App.DAL.EF.csproj", "{4E96F9D3-5890-4E79-8841-32E0821C50ED}"
EndProject
Project("{FAE04EC0-301F-11D3-BF4B-00C04F79EFBC}") = "App.Resources", "App.Resources\App.Resources.csproj", "{E8AC3272-5507-427B-9EBA-36512230C671}"
EndProject
Project("{2150E333-8FDC-42A3-9474-1A3956D46DE8}") = "App", "App", "{42CC655F-4DBC-4325-BAC0-57359C40B18E}"
EndProject
Project("{2150E333-8FDC-42A3-9474-1A3956D46DE8}") = "Base", "Base", "{ED059B56-1058-41AD-BD05-10C3E4F862FB}"
EndProject
Project("{2150E333-8FDC-42A3-9474-1A3956D46DE8}") = "Base.Contracts", "Base.Contracts", "{940007BA-5C17-4E3C-A9F6-847D65DA8AB4}"
EndProject
Project("{FAE04EC0-301F-11D3-BF4B-00C04F79EFBC}") = "Base.Domain", "Base.Domain\Base.Domain.csproj", "{8CE36844-F537-472E-8CA5-AE650BFC6DF7}"
EndProject
Project("{FAE04EC0-301F-11D3-BF4B-00C04F79EFBC}") = "Base.Contracts.Domain", "Base.Contracts.Domain\Base.Contracts.Domain.csproj", "{3546531B-7314-4A8E-BBF1-43DA13C3B47D}"
EndProject
Project("{FAE04EC0-301F-11D3-BF4B-00C04F79EFBC}") = "Base.Contracts.DAL", "Base.Contracts.DAL\Base.Contracts.DAL.csproj", "{92244198-71BB-49F8-ADF5-BF556C03DA36}"
EndProject
Project("{FAE04EC0-301F-11D3-BF4B-00C04F79EFBC}") = "Base.DAL.EF", "Base.DAL.EF\Base.DAL.EF.csproj", "{B2705788-40ED-44A1-B595-D04DFFFC6CB7}"
EndProject
Project("{FAE04EC0-301F-11D3-BF4B-00C04F79EFBC}") = "App.Contracts.DAL", "App.Contracts.DAL\App.Contracts.DAL.csproj", "{3FFDFB97-6754-4FBB-A67D-6582AC984824}"
EndProject
Project("{FAE04EC0-301F-11D3-BF4B-00C04F79EFBC}") = "Base.Extensions", "Base.Extensions\Base.Extensions.csproj", "{F7935F02-9068-4BA8-87C4-23F7D71E30C5}"
EndProject
Project("{FAE04EC0-301F-11D3-BF4B-00C04F79EFBC}") = "Base.Contracts.BLL", "Base.Contracts.BLL\Base.Contracts.BLL.csproj", "{7878940C-24D7-4084-82D3-8C1193EB80A3}"
EndProject
Project("{FAE04EC0-301F-11D3-BF4B-00C04F79EFBC}") = "Base.Contracts.Base", "Base.Contracts.Base\Base.Contracts.Base.csproj", "{687C2C58-E280-4384-97A0-C645D54AB9D3}"
EndProject
Project("{FAE04EC0-301F-11D3-BF4B-00C04F79EFBC}") = "Base.BLL", "Base.BLL\Base.BLL.csproj", "{AB6CA39A-7109-45CA-A3FB-F940048D0791}"
EndProject
Project("{FAE04EC0-301F-11D3-BF4B-00C04F79EFBC}") = "Base.DAL", "Base.DAL\Base.DAL.csproj", "{F4AEB75D-66C3-4AA7-8F24-6EE3C6B60EE7}"
EndProject
Project("{FAE04EC0-301F-11D3-BF4B-00C04F79EFBC}") = "App.BLL", "App.BLL\App.BLL.csproj", "{465BE30E-4C63-498F-B52C-F9C469A9DD31}"
EndProject
Project("{FAE04EC0-301F-11D3-BF4B-00C04F79EFBC}") = "App.Contracts.BLL", "App.Contracts.BLL\App.Contracts.BLL.csproj", "{33FE5BA4-5D7F-4B08-84CD-B06963CE6326}"
EndProject
Project("{FAE04EC0-301F-11D3-BF4B-00C04F79EFBC}") = "App.BLL.DTO", "App.BLL.DTO\App.BLL.DTO.csproj", "{4314F372-B8C9-49CA-B635-D5CC6D48341D}"
EndProject
Project("{FAE04EC0-301F-11D3-BF4B-00C04F79EFBC}") = "App.DAL.DTO", "App.DAL.DTO\App.DAL.DTO.csproj", "{8B8E7443-8781-4A17-8223-5A37C6BF1755}"
EndProject
Project("{FAE04EC0-301F-11D3-BF4B-00C04F79EFBC}") = "App.Public.DTO", "App.Public.DTO\App.Public.DTO.csproj", "{345389D9-88AC-41B4-91C2-E3338D4FCF6D}"
EndProject
Project("{FAE04EC0-301F-11D3-BF4B-00C04F79EFBC}") = "Base.Public.API", "Base.Public.API\Base.Public.API.csproj", "{5592AF81-C654-4CEC-B580-B78AD339B900}"
EndProject
Project("{FAE04EC0-301F-11D3-BF4B-00C04F79EFBC}") = "App.Enums", "App.Enums\App.Enums.csproj", "{8F7DC0F5-273C-40E2-A780-05E8086D5EE7}"
EndProject
Project("{FAE04EC0-301F-11D3-BF4B-00C04F79EFBC}") = "App.BLL.Tests", "App.BLL.Tests\App.BLL.Tests.csproj", "{FFF8E403-BF07-4FE7-8C6C-3C20F19FA360}"
EndProject
Global
	GlobalSection(SolutionConfigurationPlatforms) = preSolution
		Debug|Any CPU = Debug|Any CPU
		Release|Any CPU = Release|Any CPU
	EndGlobalSection
	GlobalSection(ProjectConfigurationPlatforms) = postSolution
		{BC23D657-FE9E-4D5E-8ED8-E5995DD021D8}.Debug|Any CPU.ActiveCfg = Debug|Any CPU
		{BC23D657-FE9E-4D5E-8ED8-E5995DD021D8}.Debug|Any CPU.Build.0 = Debug|Any CPU
		{BC23D657-FE9E-4D5E-8ED8-E5995DD021D8}.Release|Any CPU.ActiveCfg = Release|Any CPU
		{BC23D657-FE9E-4D5E-8ED8-E5995DD021D8}.Release|Any CPU.Build.0 = Release|Any CPU
		{81A9E9BD-F18F-4B2C-91B1-86F47A3D73FB}.Debug|Any CPU.ActiveCfg = Debug|Any CPU
		{81A9E9BD-F18F-4B2C-91B1-86F47A3D73FB}.Debug|Any CPU.Build.0 = Debug|Any CPU
		{81A9E9BD-F18F-4B2C-91B1-86F47A3D73FB}.Release|Any CPU.ActiveCfg = Release|Any CPU
		{81A9E9BD-F18F-4B2C-91B1-86F47A3D73FB}.Release|Any CPU.Build.0 = Release|Any CPU
		{4E96F9D3-5890-4E79-8841-32E0821C50ED}.Debug|Any CPU.ActiveCfg = Debug|Any CPU
		{4E96F9D3-5890-4E79-8841-32E0821C50ED}.Debug|Any CPU.Build.0 = Debug|Any CPU
		{4E96F9D3-5890-4E79-8841-32E0821C50ED}.Release|Any CPU.ActiveCfg = Release|Any CPU
		{4E96F9D3-5890-4E79-8841-32E0821C50ED}.Release|Any CPU.Build.0 = Release|Any CPU
		{E8AC3272-5507-427B-9EBA-36512230C671}.Debug|Any CPU.ActiveCfg = Debug|Any CPU
		{E8AC3272-5507-427B-9EBA-36512230C671}.Debug|Any CPU.Build.0 = Debug|Any CPU
		{E8AC3272-5507-427B-9EBA-36512230C671}.Release|Any CPU.ActiveCfg = Release|Any CPU
		{E8AC3272-5507-427B-9EBA-36512230C671}.Release|Any CPU.Build.0 = Release|Any CPU
		{8CE36844-F537-472E-8CA5-AE650BFC6DF7}.Debug|Any CPU.ActiveCfg = Debug|Any CPU
		{8CE36844-F537-472E-8CA5-AE650BFC6DF7}.Debug|Any CPU.Build.0 = Debug|Any CPU
		{8CE36844-F537-472E-8CA5-AE650BFC6DF7}.Release|Any CPU.ActiveCfg = Release|Any CPU
		{8CE36844-F537-472E-8CA5-AE650BFC6DF7}.Release|Any CPU.Build.0 = Release|Any CPU
		{3546531B-7314-4A8E-BBF1-43DA13C3B47D}.Debug|Any CPU.ActiveCfg = Debug|Any CPU
		{3546531B-7314-4A8E-BBF1-43DA13C3B47D}.Debug|Any CPU.Build.0 = Debug|Any CPU
		{3546531B-7314-4A8E-BBF1-43DA13C3B47D}.Release|Any CPU.ActiveCfg = Release|Any CPU
		{3546531B-7314-4A8E-BBF1-43DA13C3B47D}.Release|Any CPU.Build.0 = Release|Any CPU
		{92244198-71BB-49F8-ADF5-BF556C03DA36}.Debug|Any CPU.ActiveCfg = Debug|Any CPU
		{92244198-71BB-49F8-ADF5-BF556C03DA36}.Debug|Any CPU.Build.0 = Debug|Any CPU
		{92244198-71BB-49F8-ADF5-BF556C03DA36}.Release|Any CPU.ActiveCfg = Release|Any CPU
		{92244198-71BB-49F8-ADF5-BF556C03DA36}.Release|Any CPU.Build.0 = Release|Any CPU
		{B2705788-40ED-44A1-B595-D04DFFFC6CB7}.Debug|Any CPU.ActiveCfg = Debug|Any CPU
		{B2705788-40ED-44A1-B595-D04DFFFC6CB7}.Debug|Any CPU.Build.0 = Debug|Any CPU
		{B2705788-40ED-44A1-B595-D04DFFFC6CB7}.Release|Any CPU.ActiveCfg = Release|Any CPU
		{B2705788-40ED-44A1-B595-D04DFFFC6CB7}.Release|Any CPU.Build.0 = Release|Any CPU
		{3FFDFB97-6754-4FBB-A67D-6582AC984824}.Debug|Any CPU.ActiveCfg = Debug|Any CPU
		{3FFDFB97-6754-4FBB-A67D-6582AC984824}.Debug|Any CPU.Build.0 = Debug|Any CPU
		{3FFDFB97-6754-4FBB-A67D-6582AC984824}.Release|Any CPU.ActiveCfg = Release|Any CPU
		{3FFDFB97-6754-4FBB-A67D-6582AC984824}.Release|Any CPU.Build.0 = Release|Any CPU
		{F7935F02-9068-4BA8-87C4-23F7D71E30C5}.Debug|Any CPU.ActiveCfg = Debug|Any CPU
		{F7935F02-9068-4BA8-87C4-23F7D71E30C5}.Debug|Any CPU.Build.0 = Debug|Any CPU
		{F7935F02-9068-4BA8-87C4-23F7D71E30C5}.Release|Any CPU.ActiveCfg = Release|Any CPU
		{F7935F02-9068-4BA8-87C4-23F7D71E30C5}.Release|Any CPU.Build.0 = Release|Any CPU
		{7878940C-24D7-4084-82D3-8C1193EB80A3}.Debug|Any CPU.ActiveCfg = Debug|Any CPU
		{7878940C-24D7-4084-82D3-8C1193EB80A3}.Debug|Any CPU.Build.0 = Debug|Any CPU
		{7878940C-24D7-4084-82D3-8C1193EB80A3}.Release|Any CPU.ActiveCfg = Release|Any CPU
		{7878940C-24D7-4084-82D3-8C1193EB80A3}.Release|Any CPU.Build.0 = Release|Any CPU
		{687C2C58-E280-4384-97A0-C645D54AB9D3}.Debug|Any CPU.ActiveCfg = Debug|Any CPU
		{687C2C58-E280-4384-97A0-C645D54AB9D3}.Debug|Any CPU.Build.0 = Debug|Any CPU
		{687C2C58-E280-4384-97A0-C645D54AB9D3}.Release|Any CPU.ActiveCfg = Release|Any CPU
		{687C2C58-E280-4384-97A0-C645D54AB9D3}.Release|Any CPU.Build.0 = Release|Any CPU
		{AB6CA39A-7109-45CA-A3FB-F940048D0791}.Debug|Any CPU.ActiveCfg = Debug|Any CPU
		{AB6CA39A-7109-45CA-A3FB-F940048D0791}.Debug|Any CPU.Build.0 = Debug|Any CPU
		{AB6CA39A-7109-45CA-A3FB-F940048D0791}.Release|Any CPU.ActiveCfg = Release|Any CPU
		{AB6CA39A-7109-45CA-A3FB-F940048D0791}.Release|Any CPU.Build.0 = Release|Any CPU
		{F4AEB75D-66C3-4AA7-8F24-6EE3C6B60EE7}.Debug|Any CPU.ActiveCfg = Debug|Any CPU
		{F4AEB75D-66C3-4AA7-8F24-6EE3C6B60EE7}.Debug|Any CPU.Build.0 = Debug|Any CPU
		{F4AEB75D-66C3-4AA7-8F24-6EE3C6B60EE7}.Release|Any CPU.ActiveCfg = Release|Any CPU
		{F4AEB75D-66C3-4AA7-8F24-6EE3C6B60EE7}.Release|Any CPU.Build.0 = Release|Any CPU
		{465BE30E-4C63-498F-B52C-F9C469A9DD31}.Debug|Any CPU.ActiveCfg = Debug|Any CPU
		{465BE30E-4C63-498F-B52C-F9C469A9DD31}.Debug|Any CPU.Build.0 = Debug|Any CPU
		{465BE30E-4C63-498F-B52C-F9C469A9DD31}.Release|Any CPU.ActiveCfg = Release|Any CPU
		{465BE30E-4C63-498F-B52C-F9C469A9DD31}.Release|Any CPU.Build.0 = Release|Any CPU
		{33FE5BA4-5D7F-4B08-84CD-B06963CE6326}.Debug|Any CPU.ActiveCfg = Debug|Any CPU
		{33FE5BA4-5D7F-4B08-84CD-B06963CE6326}.Debug|Any CPU.Build.0 = Debug|Any CPU
		{33FE5BA4-5D7F-4B08-84CD-B06963CE6326}.Release|Any CPU.ActiveCfg = Release|Any CPU
		{33FE5BA4-5D7F-4B08-84CD-B06963CE6326}.Release|Any CPU.Build.0 = Release|Any CPU
		{4314F372-B8C9-49CA-B635-D5CC6D48341D}.Debug|Any CPU.ActiveCfg = Debug|Any CPU
		{4314F372-B8C9-49CA-B635-D5CC6D48341D}.Debug|Any CPU.Build.0 = Debug|Any CPU
		{4314F372-B8C9-49CA-B635-D5CC6D48341D}.Release|Any CPU.ActiveCfg = Release|Any CPU
		{4314F372-B8C9-49CA-B635-D5CC6D48341D}.Release|Any CPU.Build.0 = Release|Any CPU
		{8B8E7443-8781-4A17-8223-5A37C6BF1755}.Debug|Any CPU.ActiveCfg = Debug|Any CPU
		{8B8E7443-8781-4A17-8223-5A37C6BF1755}.Debug|Any CPU.Build.0 = Debug|Any CPU
		{8B8E7443-8781-4A17-8223-5A37C6BF1755}.Release|Any CPU.ActiveCfg = Release|Any CPU
		{8B8E7443-8781-4A17-8223-5A37C6BF1755}.Release|Any CPU.Build.0 = Release|Any CPU
		{345389D9-88AC-41B4-91C2-E3338D4FCF6D}.Debug|Any CPU.ActiveCfg = Debug|Any CPU
		{345389D9-88AC-41B4-91C2-E3338D4FCF6D}.Debug|Any CPU.Build.0 = Debug|Any CPU
		{345389D9-88AC-41B4-91C2-E3338D4FCF6D}.Release|Any CPU.ActiveCfg = Release|Any CPU
		{345389D9-88AC-41B4-91C2-E3338D4FCF6D}.Release|Any CPU.Build.0 = Release|Any CPU
		{5592AF81-C654-4CEC-B580-B78AD339B900}.Debug|Any CPU.ActiveCfg = Debug|Any CPU
		{5592AF81-C654-4CEC-B580-B78AD339B900}.Debug|Any CPU.Build.0 = Debug|Any CPU
		{5592AF81-C654-4CEC-B580-B78AD339B900}.Release|Any CPU.ActiveCfg = Release|Any CPU
		{5592AF81-C654-4CEC-B580-B78AD339B900}.Release|Any CPU.Build.0 = Release|Any CPU
		{8F7DC0F5-273C-40E2-A780-05E8086D5EE7}.Debug|Any CPU.ActiveCfg = Debug|Any CPU
		{8F7DC0F5-273C-40E2-A780-05E8086D5EE7}.Debug|Any CPU.Build.0 = Debug|Any CPU
		{8F7DC0F5-273C-40E2-A780-05E8086D5EE7}.Release|Any CPU.ActiveCfg = Release|Any CPU
		{8F7DC0F5-273C-40E2-A780-05E8086D5EE7}.Release|Any CPU.Build.0 = Release|Any CPU
		{FFF8E403-BF07-4FE7-8C6C-3C20F19FA360}.Debug|Any CPU.ActiveCfg = Debug|Any CPU
		{FFF8E403-BF07-4FE7-8C6C-3C20F19FA360}.Debug|Any CPU.Build.0 = Debug|Any CPU
		{FFF8E403-BF07-4FE7-8C6C-3C20F19FA360}.Release|Any CPU.ActiveCfg = Release|Any CPU
		{FFF8E403-BF07-4FE7-8C6C-3C20F19FA360}.Release|Any CPU.Build.0 = Release|Any CPU
	EndGlobalSection
	GlobalSection(NestedProjects) = preSolution
		{E8AC3272-5507-427B-9EBA-36512230C671} = {42CC655F-4DBC-4325-BAC0-57359C40B18E}
		{BC23D657-FE9E-4D5E-8ED8-E5995DD021D8} = {42CC655F-4DBC-4325-BAC0-57359C40B18E}
		{81A9E9BD-F18F-4B2C-91B1-86F47A3D73FB} = {42CC655F-4DBC-4325-BAC0-57359C40B18E}
		{4E96F9D3-5890-4E79-8841-32E0821C50ED} = {42CC655F-4DBC-4325-BAC0-57359C40B18E}
		{8CE36844-F537-472E-8CA5-AE650BFC6DF7} = {ED059B56-1058-41AD-BD05-10C3E4F862FB}
		{3546531B-7314-4A8E-BBF1-43DA13C3B47D} = {940007BA-5C17-4E3C-A9F6-847D65DA8AB4}
		{92244198-71BB-49F8-ADF5-BF556C03DA36} = {940007BA-5C17-4E3C-A9F6-847D65DA8AB4}
		{B2705788-40ED-44A1-B595-D04DFFFC6CB7} = {ED059B56-1058-41AD-BD05-10C3E4F862FB}
		{3FFDFB97-6754-4FBB-A67D-6582AC984824} = {42CC655F-4DBC-4325-BAC0-57359C40B18E}
		{F7935F02-9068-4BA8-87C4-23F7D71E30C5} = {ED059B56-1058-41AD-BD05-10C3E4F862FB}
		{7878940C-24D7-4084-82D3-8C1193EB80A3} = {940007BA-5C17-4E3C-A9F6-847D65DA8AB4}
		{687C2C58-E280-4384-97A0-C645D54AB9D3} = {940007BA-5C17-4E3C-A9F6-847D65DA8AB4}
		{AB6CA39A-7109-45CA-A3FB-F940048D0791} = {ED059B56-1058-41AD-BD05-10C3E4F862FB}
		{F4AEB75D-66C3-4AA7-8F24-6EE3C6B60EE7} = {ED059B56-1058-41AD-BD05-10C3E4F862FB}
		{465BE30E-4C63-498F-B52C-F9C469A9DD31} = {42CC655F-4DBC-4325-BAC0-57359C40B18E}
		{33FE5BA4-5D7F-4B08-84CD-B06963CE6326} = {42CC655F-4DBC-4325-BAC0-57359C40B18E}
		{4314F372-B8C9-49CA-B635-D5CC6D48341D} = {42CC655F-4DBC-4325-BAC0-57359C40B18E}
		{8B8E7443-8781-4A17-8223-5A37C6BF1755} = {42CC655F-4DBC-4325-BAC0-57359C40B18E}
		{345389D9-88AC-41B4-91C2-E3338D4FCF6D} = {42CC655F-4DBC-4325-BAC0-57359C40B18E}
		{5592AF81-C654-4CEC-B580-B78AD339B900} = {ED059B56-1058-41AD-BD05-10C3E4F862FB}
		{8F7DC0F5-273C-40E2-A780-05E8086D5EE7} = {42CC655F-4DBC-4325-BAC0-57359C40B18E}
		{FFF8E403-BF07-4FE7-8C6C-3C20F19FA360} = {42CC655F-4DBC-4325-BAC0-57359C40B18E}
	EndGlobalSection
EndGlobal
